
Microsoft Visual Studio Solution File, Format Version 12.00
# Visual Studio Version 17
VisualStudioVersion = 17.4.33205.214
MinimumVisualStudioVersion = 10.0.40219.1
Project("{FAE04EC0-301F-11D3-BF4B-00C04F79EFBC}") = "MinimalBookAPI", "MinimalBookAPI\MinimalBookAPI.csproj", "{390058E4-FE7E-435C-A1D2-36B0F0265ED4}"
EndProject
Global
	GlobalSection(SolutionConfigurationPlatforms) = preSolution
		Debug|Any CPU = Debug|Any CPU
		Release|Any CPU = Release|Any CPU
	EndGlobalSection
	GlobalSection(ProjectConfigurationPlatforms) = postSolution
		{390058E4-FE7E-435C-A1D2-36B0F0265ED4}.Debug|Any CPU.ActiveCfg = Debug|Any CPU
		{390058E4-FE7E-435C-A1D2-36B0F0265ED4}.Debug|Any CPU.Build.0 = Debug|Any CPU
		{390058E4-FE7E-435C-A1D2-36B0F0265ED4}.Release|Any CPU.ActiveCfg = Release|Any CPU
		{390058E4-FE7E-435C-A1D2-36B0F0265ED4}.Release|Any CPU.Build.0 = Release|Any CPU
	EndGlobalSection
	GlobalSection(SolutionProperties) = preSolution
		HideSolutionNode = FALSE
	EndGlobalSection
	GlobalSection(ExtensibilityGlobals) = postSolution
		SolutionGuid = {5F32058D-7485-4ADA-8264-E21139A022CC}
	EndGlobalSection
EndGlobal
